{
  "name": "trust-thing",
  "version": "0.0.0",
  "lockfileVersion": 3,
  "requires": true,
  "packages": {
    "": {
      "name": "trust-thing",
      "version": "0.0.0",
      "devDependencies": {
        "chrome-types": "^0.1.427",
        "typescript": "^6.0.3"
      }
    },
    "node_modules/chrome-types": {
      "version": "0.1.427",
      "resolved": "https://registry.npmjs.org/chrome-types/-/chrome-types-0.1.427.tgz",
      "integrity": "sha512-nm3UTjwq6ZaFB9W8dSIAGaC3h6p32zwdsO/3pFO5d33IolzgIzbFw08zMLH3wmhKswB0xom83cPZl43+pLEOSQ==",
      "dev": true,
      "license": "Apache-2.0"
    },
    "node_modules/typescript": {
      "version": "6.0.3",
      "resolved": "https://registry.npmjs.org/typescript/-/typescript-6.0.3.tgz",
      "integrity": "sha512-y2TvuxSZPDyQakkFRPZHKFm+KKVqIisdg9/CZwm9ftvKXLP8NRWj38/ODjNbr43SsoXqNuAisEf1GdCxqWcdBw==",
      "dev": true,
      "license": "Apache-2.0",
      "bin": {
        "tsc": "bin/tsc",
        "tsserver": "bin/tsserver"
      },
      "engines": {
        "node": ">=14.17"
      }
    }
  }
}
